- id: wa/port-hadlock/chimacum-head-start
  name: Chimacum Head Start
  categories:
  - child-care
  address: {street: 313 Ness Corner Rd, street2: Rm 207, city: Port Hadlock, state: wa, zip: '98339'}
  description: Head Start early childhood program — 17 funded slots; operated by Olympic Community Action
    Programs.
  geo: {lat: 48.03316, lng: -122.77434}
  phone: 360-302-5830
  sources:
  - acf/head-start-locations
  verified: {'on': '2026-07-19', method: api}
  place: '5355620'
