- id: wa/winlock/valley-view-health-center-winlock
  name: Valley View Health Center-Winlock
  categories:
  - community-health-center
  address:
    street: 100 Cedar Crest Dr
    city: Winlock
    state: wa
    zip: '98596'
  place: '5379275'
  geo:
    lat: 46.49014
    lng: -122.92415
  phone: 360-785-9400
  website: https://www.vvhc.org
  external_ids:
    bphc: BPS-H80-021419
  sources:
  - hrsa/health-center-sites
  verified:
    'on': '2026-07-19'
    method: api
