- id: ca/turlock/turlock-ladies-aca
  name: Turlock Ladies ACA
  program: aca
  categories:
  - recovery-meeting
  - family-support
  schedule:
  - {day: mon, time: '18:30'}
  format: in-person
  types:
  - closed
  - fellowship-text-brb
  - women-only
  venue: {street: 352 E Olive Ave, city: Turlock, state: ca, zip: '95380'}
  place: 0680812
  languages:
  - en
  external_ids: {aca: '8755', wso: CA1676}
  sources:
  - aca/meeting-search
  verified: {'on': '2026-07-20', method: api}
