- id: ar/little-flock/college-place-little-free-pantry
  name: College Place Little Free Pantry
  categories:
  - food-pantry
  place: '0540120'
  geo: {lat: 36.36388, lng: -94.16943}
  website: https://mapping.littlefreepantry.org/pantry/2044
  external_ids: {lfp: '2044'}
  sources:
  - littlefreepantry/map
  verified: {'on': '2026-07-19', method: scrape}
