- id: nv/lovelock/living-clean
  name: Living Clean
  program: na
  categories:
  - recovery-meeting
  schedule:
  - day: tue
    time: '18:00'
    duration_min: 60
  format: in-person
  types:
  - o
  - ns
  venue_name: Pershing County Community Center
  venue:
    street: 820 6th Street
    city: Lovelock
    state: nv
    zip: '89419'
  place: '3243000'
  geo:
    lat: 40.17663
    lng: -118.48014
  external_ids:
    bmlt: 38:17288
  sources:
  - bmlt/aggregator
  verified:
    'on': '2026-07-19'
    method: api
