- id: la/pollock/east-grant-community-health-center
  name: East Grant Community Health Center
  categories:
  - community-health-center
  cost: sliding-scale
  address:
    street: 9465 Highway 165
    city: Pollock
    state: la
    zip: '71467'
  place: '2261580'
  geo:
    lat: 31.46614
    lng: -92.4064
  phone: 318-648-0375
  website: https://www.winnchc.org
  external_ids:
    bphc: BPS-H80-017923
  sources:
  - hrsa/health-center-sites
  verified:
    'on': '2026-07-19'
    method: api
- id: la/pollock/louisiana-state-university-grant-walker-4-h-educ
  name: Louisiana State University - Grant Walker 4-H Educational Center
  categories:
  - meal-program
  address:
    street: 3000 Hwy 8
    city: Pollock
    state: la
    zip: '71467'
  description: Free summer meals for kids and teens (2026 season) — sponsored by Grant Walker 4-H Educational
    Center (LSU).
  place: '2261580'
  geo:
    lat: 31.51773
    lng: -92.44814
  phone: (318) 765-7209
  external_ids:
    usda_master: Cycle 02_LA_SFSP_0145
  sources:
  - usda/summer-meal-sites
  verified:
    'on': '2026-07-19'
    method: api
- id: la/pollock/pollock-elementary-sbhc
  name: Pollock Elementary SBHC
  categories:
  - community-health-center
  cost: sliding-scale
  address:
    street: 4001 Highway 8
    city: Pollock
    state: la
    zip: '71467'
  place: '2261580'
  geo:
    lat: 31.5238
    lng: -92.41339
  phone: 504-575-3700
  website: http://accesshealthla.org
  external_ids:
    bphc: BPS-H80-036279
  sources:
  - hrsa/health-center-sites
  verified:
    'on': '2026-07-19'
    method: api
- id: la/pollock/pollock-elementary-school
  name: Pollock Elementary School
  categories:
  - meal-program
  address:
    street: 4001 La-8
    city: Pollock
    state: la
    zip: '71467'
  description: Free summer meals for kids and teens (2026 season) — sponsored by Grant Parish School Board.
  place: '2261580'
  geo:
    lat: 31.52453
    lng: -92.41346
  external_ids:
    usda_master: Cycle 04_LA_SSO_0180
  sources:
  - usda/summer-meal-sites
  verified:
    'on': '2026-07-19'
    method: api
