- id: la/pollock/east-grant-community-health-center
  name: East Grant Community Health Center
  categories:
  - community-health-center
  address:
    street: 9465 Highway 165
    city: Pollock
    state: la
    zip: '71467'
  place: '2261580'
  geo:
    lat: 31.46614
    lng: -92.4064
  phone: 318-648-0375
  website: https://www.winnchc.org
  external_ids:
    bphc: BPS-H80-017923
  sources:
  - hrsa/health-center-sites
  verified:
    'on': '2026-07-19'
    method: api
- id: la/pollock/pollock-elementary-sbhc
  name: Pollock Elementary SBHC
  categories:
  - community-health-center
  address:
    street: 4001 Highway 8
    city: Pollock
    state: la
    zip: '71467'
  place: '2261580'
  geo:
    lat: 31.5238
    lng: -92.41339
  phone: 504-575-3700
  website: http://accesshealthla.org
  external_ids:
    bphc: BPS-H80-036279
  sources:
  - hrsa/health-center-sites
  verified:
    'on': '2026-07-19'
    method: api
