- id: ca/turlock/columbia-park
  name: Columbia Park
  categories:
  - meal-program
  address: {street: 595 High St., city: Turlock, state: ca, zip: '95380'}
  description: Free summer meals for kids and teens (2026 season) — sponsored by TURLOCK UNIFIED SCHOOL
    DISTRICT.
  place: 0680812
  geo: {lat: 37.49051, lng: -120.85543}
  phone: (209) 667-9048
  external_ids: {usda_master: Cycle 06_CA_SSO_0500}
  sources:
  - usda/summer-meal-sites
  verified: {'on': '2026-07-19', method: api}
- id: ca/turlock/crowell-elementary
  name: Crowell Elementary
  categories:
  - meal-program
  address: {street: 118 North Ave., city: Turlock, state: ca, zip: '95382'}
  description: Free summer meals for kids and teens (2026 season) — sponsored by TURLOCK UNIFIED SCHOOL
    DISTRICT.
  place: 0680812
  geo: {lat: 37.51, lng: -120.84755}
  phone: (209) 762-7346
  external_ids: {usda_master: Cycle 06_CA_SSO_0057}
  sources:
  - usda/summer-meal-sites
  verified: {'on': '2026-07-19', method: api}
- id: ca/turlock/cunningham-head-start-turlock-joint-elementary
  name: Cunningham Head Start/ Turlock Joint Elementary
  categories:
  - child-care
  address:
    street: 324 W Linwood Ave
    city: Turlock
    state: ca
    zip: '95380'
  place: 0680812
  geo:
    lat: 37.47782
    lng: -120.85196
  phone: 209-668-7594
  sources:
  - acf/head-start-locations
  verified:
    'on': '2026-07-19'
    method: api
- id: ca/turlock/dennis-g-earl-elementary
  name: Dennis G. Earl Elementary
  categories:
  - meal-program
  address: {street: 4091 North Olive Ave., city: Turlock, state: ca, zip: '95382'}
  description: Free summer meals for kids and teens (2026 season) — sponsored by TURLOCK UNIFIED SCHOOL
    DISTRICT.
  place: 0680812
  geo: {lat: 37.53143, lng: -120.83975}
  phone: (209) 762-7346
  external_ids: {usda_master: Cycle 06_CA_SSO_0058}
  sources:
  - usda/summer-meal-sites
  verified: {'on': '2026-07-19', method: api}
- id: ca/turlock/early-education-programs-at-crowell
  name: Early Education Programs at Crowell
  categories:
  - child-care
  address:
    street: 118 North Ave
    city: Turlock
    state: ca
    zip: '95382'
  place: 0680812
  geo:
    lat: 37.5087
    lng: -120.84759
  phone: 209-667-5460
  sources:
  - acf/head-start-locations
  verified:
    'on': '2026-07-19'
    method: api
- id: ca/turlock/early-education-programs-at-osborn
  name: Early Education Programs at Osborn
  categories:
  - child-care
  address:
    street: 201 N Soderquist Rd
    city: Turlock
    state: ca
    zip: '95380'
  place: 0680812
  geo:
    lat: 37.49391
    lng: -120.86229
  phone: 209-667-2938
  sources:
  - acf/head-start-locations
  verified:
    'on': '2026-07-19'
    method: api
- id: ca/turlock/gvhc-turlock-monte-vista
  name: GVHC - Turlock Monte Vista
  categories:
  - community-health-center
  cost: sliding-scale
  address:
    street: 2240 W Monte Vista Ave
    city: Turlock
    state: ca
    zip: '95382'
  place: 0680812
  geo:
    lat: 37.52124
    lng: -120.87435
  phone: 209-385-5503
  external_ids:
    bphc: BPS-H80-021563
  sources:
  - hrsa/health-center-sites
  verified:
    'on': '2026-07-19'
    method: api
- id: ca/turlock/gvhc-turlock-pediatric-health-center-1100
  name: GVHC - Turlock Pediatric Health Center 1100
  categories:
  - community-health-center
  cost: sliding-scale
  address:
    street: 1100 Delbon Ave
    city: Turlock
    state: ca
    zip: '95382'
  place: 0680812
  geo:
    lat: 37.51045
    lng: -120.83577
  phone: 209-385-5503
  external_ids:
    bphc: BPS-H80-021842
  sources:
  - hrsa/health-center-sites
  verified:
    'on': '2026-07-19'
    method: api
- id: ca/turlock/gvhc-turlock-pediatric-health-center-1120
  name: GVHC - TURLOCK PEDIATRIC HEALTH CENTER 1120
  categories:
  - community-health-center
  cost: sliding-scale
  address:
    street: 1120 Delbon Ave
    city: Turlock
    state: ca
    zip: '95382'
  place: 0680812
  geo:
    lat: 37.51057
    lng: -120.83573
  phone: 209-385-5503
  external_ids:
    bphc: BPS-H80-021843
  sources:
  - hrsa/health-center-sites
  verified:
    'on': '2026-07-19'
    method: api
- id: ca/turlock/gvhc-turlock-pediatric-health-center-1199-suite
  name: GVHC - TURLOCK PEDIATRIC HEALTH CENTER 1199 Suite 2
  categories:
  - community-health-center
  cost: sliding-scale
  address:
    street: 1199 Delbon Ave STE 2
    city: Turlock
    state: ca
    zip: '95382'
  place: 0680812
  geo:
    lat: 37.51067
    lng: -120.83568
  phone: 209-385-5503
  external_ids:
    bphc: BPS-H80-021840
  sources:
  - hrsa/health-center-sites
  verified:
    'on': '2026-07-19'
    method: api
- id: ca/turlock/gvhc-turlock-pediatric-health-center-1199-suite-2
  name: GVHC - TURLOCK PEDIATRIC HEALTH CENTER 1199 Suite 3
  categories:
  - community-health-center
  cost: sliding-scale
  address:
    street: 1199 Delbon Ave STE 3
    city: Turlock
    state: ca
    zip: '95382'
  place: 0680812
  geo:
    lat: 37.51067
    lng: -120.83568
  phone: 209-385-5503
  external_ids:
    bphc: BPS-H80-021564
  sources:
  - hrsa/health-center-sites
  verified:
    'on': '2026-07-19'
    method: api
- id: ca/turlock/gvhc-turlock-pediatric-health-center-1199-suite-3
  name: GVHC - TURLOCK PEDIATRIC HEALTH CENTER 1199 Suite 5
  categories:
  - community-health-center
  cost: sliding-scale
  address:
    street: 1199 Delbon Ave, Suite 5
    city: Turlock
    state: ca
    zip: '95382'
  place: 0680812
  geo:
    lat: 37.51096
    lng: -120.83583
  phone: 209-385-5503
  external_ids:
    bphc: BPS-H80-021841
  sources:
  - hrsa/health-center-sites
  verified:
    'on': '2026-07-19'
    method: api
- id: ca/turlock/gvhc-turlock-west
  name: GVHC- Turlock West
  categories:
  - community-health-center
  cost: sliding-scale
  address:
    street: 1200 W Main St
    city: Turlock
    state: ca
    zip: '95380'
  place: 0680812
  geo:
    lat: 37.49253
    lng: -120.86295
  phone: 209-668-5388
  website: https://wwww.gvhc.org
  external_ids:
    bphc: BPS-H80-007779
  sources:
  - hrsa/health-center-sites
  verified:
    'on': '2026-07-19'
    method: api
- id: ca/turlock/john-h-pitman-high
  name: John H. Pitman High
  categories:
  - meal-program
  address: {street: 2525 West Christoffersen Pkwy., city: Turlock, state: ca, zip: '95382'}
  description: Free summer meals for kids and teens (2026 season) — sponsored by TURLOCK UNIFIED SCHOOL
    DISTRICT.
  place: 0680812
  geo: {lat: 37.52912, lng: -120.8787}
  phone: (209) 667-9048
  external_ids: {usda_master: Cycle 06_CA_SSO_0056}
  sources:
  - usda/summer-meal-sites
  verified: {'on': '2026-07-19', method: api}
- id: ca/turlock/keyes-head-start
  name: Keyes Head Start
  categories:
  - child-care
  address:
    street: 4621 Nunes Rd
    city: Turlock
    state: ca
    zip: '95382'
  place: 0680812
  geo:
    lat: 37.55124
    lng: -120.90854
  phone: 209-656-2388
  sources:
  - acf/head-start-locations
  verified:
    'on': '2026-07-19'
    method: api
- id: ca/turlock/osborn-two-way-immersion-academy
  name: Osborn Two-Way Immersion Academy
  categories:
  - meal-program
  address: {street: 201 North Soderquist Rd., city: Turlock, state: ca, zip: '95380'}
  description: Free summer meals for kids and teens (2026 season) — sponsored by TURLOCK UNIFIED SCHOOL
    DISTRICT.
  place: 0680812
  geo: {lat: 37.4936, lng: -120.8623}
  phone: (209) 762-7346
  external_ids: {usda_master: Cycle 06_CA_SSO_0059}
  sources:
  - usda/summer-meal-sites
  verified: {'on': '2026-07-19', method: api}
- id: ca/turlock/turlock-child-development-center
  name: Turlock Child Development Center
  categories:
  - child-care
  address:
    street: 400 N Kilroy Rd
    city: Turlock
    state: ca
    zip: '95380'
  place: 0680812
  geo:
    lat: 37.49556
    lng: -120.87628
  phone: 209-669-6374
  sources:
  - acf/head-start-locations
  verified:
    'on': '2026-07-19'
    method: api
- id: ca/turlock/turlock-child-development-center-2
  name: Turlock Child Development Center
  categories:
  - child-care
  address:
    street: 400 N Kilroy
    city: Turlock
    state: ca
    zip: '95380'
  place: 0680812
  geo:
    lat: 37.4957
    lng: -120.87632
  phone: 209-669-6374
  sources:
  - acf/head-start-locations
  verified:
    'on': '2026-07-19'
    method: api
- id: ca/turlock/turlock-colorado-ave-center
  name: Turlock Colorado Ave Center
  categories:
  - community-health-center
  cost: sliding-scale
  address:
    street: 2141 Colorado Ave
    city: Turlock
    state: ca
    zip: '95382'
  place: 0680812
  geo:
    lat: 37.51227
    lng: -120.83583
  phone: 209-850-3500
  website: https://lumirahealthcare.com
  external_ids:
    bphc: BPS-H80-038382
  sources:
  - hrsa/health-center-sites
  verified:
    'on': '2026-07-19'
    method: api
- id: ca/turlock/wakefield-head-start
  name: Wakefield Head Start
  categories:
  - child-care
  address:
    street: 400 South Ave
    city: Turlock
    state: ca
    zip: '95380'
  place: 0680812
  geo:
    lat: 37.48449
    lng: -120.85429
  phone: 209-656-9706
  sources:
  - acf/head-start-locations
  verified:
    'on': '2026-07-19'
    method: api
