- id: nc/havelock/craven-county-community-health-center-havelock
  name: Craven County Community Health Center- Havelock
  categories:
  - community-health-center
  address:
    street: 508 US Highway 70 W
    city: Havelock
    state: nc
    zip: '28532'
  place: '3730120'
  geo:
    lat: 34.9098
    lng: -76.93465
  phone: 252-636-4920
  website: https://www.cravencounty.com/departments/hth/hthmain.cfm
  external_ids:
    bphc: BPS-H80-019019
  sources:
  - hrsa/health-center-sites
  verified:
    'on': '2026-07-19'
    method: api
- id: nc/havelock/godette-child-development-center
  name: Godette Child Development Center
  categories:
  - child-care
  address:
    street: 125 Old Godette School Road
    city: Havelock
    state: nc
    zip: '28532'
  place: '3730120'
  geo:
    lat: 34.87475
    lng: -76.78215
  phone: 252-447-5059
  sources:
  - acf/head-start-locations
  verified:
    'on': '2026-07-19'
    method: api
- id: nc/havelock/havelock-va-clinic
  name: Havelock VA Clinic
  categories:
  - va-facility
  - health
  description: Other Outpatient Services (OOS)
  address: {street: 506 US Highway 70 West, city: Havelock, state: nc, zip: '28532'}
  place: '3730120'
  geo: {lat: 34.90878, lng: -76.93592}
  phone: 919-286-0411
  website: https://www.va.gov/find-locations/facility/vha_558GK
  hours:
  - {days: [mon, tue, wed, thu, fri], open: '08:00', close: '16:30'}
  services:
  - MentalHealth
  external_ids: {va: vha_558GK}
  sources:
  - va/facilities-api
  verified: {'on': '2026-07-19', method: api}
- id: nc/havelock/ncm-harlowe-community-center
  name: Ncm Harlowe Community Center
  categories:
  - meal-program
  address:
    street: 125 Godette School Rd
    city: Havelock
    state: nc
    zip: '28532'
  description: Free summer meals for kids and teens (2026 season) — sponsored by Craven County Schools.
  place: '3730120'
  geo:
    lat: 34.87507
    lng: -76.78296
  phone: (252) 463-1531
  external_ids:
    usda_master: Cycle 06_NC_SFSP_1426
  sources:
  - usda/summer-meal-sites
  verified:
    'on': '2026-07-19'
    method: api
- id: nc/havelock/ncmh-havelock-high-school
  name: Ncmh Havelock High School
  categories:
  - meal-program
  address:
    street: 101 Webb Blvd
    city: Havelock
    state: nc
    zip: '28532'
  description: Free summer meals for kids and teens (2026 season) — sponsored by Craven County Schools.
  place: '3730120'
  geo:
    lat: 34.88054
    lng: -76.89512
  phone: (252) 463-1531
  external_ids:
    usda_master: Cycle 06_NC_SFSP_1427
  sources:
  - usda/summer-meal-sites
  verified:
    'on': '2026-07-19'
    method: api
