- id: nc/havelock/craven-county-community-health-center-havelock
  name: Craven County Community Health Center- Havelock
  categories:
  - community-health-center
  address:
    street: 508 US Highway 70 W
    city: Havelock
    state: nc
    zip: '28532'
  place: '3730120'
  geo:
    lat: 34.9098
    lng: -76.93465
  phone: 252-636-4920
  website: https://www.cravencounty.com/departments/hth/hthmain.cfm
  external_ids:
    bphc: BPS-H80-019019
  sources:
  - hrsa/health-center-sites
  verified:
    'on': '2026-07-19'
    method: api
- id: nc/havelock/godette-child-development-center
  name: Godette Child Development Center
  categories:
  - child-care
  address:
    street: 125 Old Godette School Road
    city: Havelock
    state: nc
    zip: '28532'
  place: '3730120'
  geo:
    lat: 34.87475
    lng: -76.78215
  phone: 252-447-5059
  sources:
  - acf/head-start-locations
  verified:
    'on': '2026-07-19'
    method: api
