- id: nc/havelock/adelphia-cdc-inc-piney-grove-ame-zion-church
  name: Adelphia CDC Inc - Piney Grove AME Zion Church
  org: nc/food-bank-of-central-eastern-north-carolina
  categories:
  - food-pantry
  address: {street: 1430 Temples Point Rd, city: Havelock, state: nc, zip: '28532'}
  place: '3730120'
  geo: {lat: 34.89447, lng: -76.78624}
  phone: 252-447-1600
  hours:
  - {days: [wed], open: '12:00', close: '13:00', note: 1st and 3rd Wednesdays}
  external_ids: {nc-food-bank-of-central-eastern-north-carolina: adelphia-cdc-inc-piney-grove-ame-zion-church}
  sources:
  - foodbank/nc-food-bank-of-central-eastern-north-carolina
  verified: {'on': '2026-07-21', method: scrape}
- id: nc/havelock/craven-county-community-health-center-havelock
  name: Craven County Community Health Center- Havelock
  categories:
  - community-health-center
  cost: sliding-scale
  address: {street: 508 US Highway 70 W, city: Havelock, state: nc, zip: '28532'}
  place: '3730120'
  geo: {lat: 34.9098, lng: -76.93465}
  phone: 252-636-4920
  website: https://www.cravencounty.com/departments/hth/hthmain.cfm
  external_ids: {bphc: BPS-H80-019019}
  sources:
  - hrsa/health-center-sites
  verified: {'on': '2026-07-19', method: api}
- id: nc/havelock/godette-child-development-center
  name: Godette Child Development Center
  categories:
  - child-care
  address: {street: 125 Old Godette School Road, city: Havelock, state: nc, zip: '28532'}
  description: Head Start early childhood program — 90 funded slots; operated by Coastal Community Action,
    Inc..
  place: '3730120'
  geo: {lat: 34.87475, lng: -76.78215}
  phone: 252-447-5059
  sources:
  - acf/head-start-locations
  verified: {'on': '2026-07-19', method: api}
- id: nc/havelock/havelock-cherry-point
  name: Havelock Cherry Point
  org: nc/food-bank-of-central-eastern-north-carolina
  categories:
  - food-pantry
  address: {street: 925 E Main St Ste 20, city: Havelock, state: nc, zip: '28532'}
  place: '3730120'
  geo: {lat: 34.8653, lng: -76.89701}
  phone: 252-447-5190
  hours:
  - {days: [mon, tue, wed], open: '10:00', close: '12:00'}
  - {days: [mon, tue, wed], open: '13:00', close: '14:00'}
  - {days: [fri], open: '10:00', close: '12:00'}
  - {days: [fri], open: '13:00', close: '14:00'}
  external_ids: {nc-food-bank-of-central-eastern-north-carolina: havelock-cherry-point}
  sources:
  - foodbank/nc-food-bank-of-central-eastern-north-carolina
  verified: {'on': '2026-07-21', method: scrape}
- id: nc/havelock/havelock-club
  name: Havelock Club
  categories:
  - family-youth
  description: Boys & Girls Club
  address: {street: 199 WEBB BLVD, city: Havelock, state: nc, zip: '28532'}
  geo: {lat: 34.8771, lng: -76.89466}
  place: '3730120'
  phone: 252-222-3007
  website: https://bgccp.com/
  services:
  - Teen center
  - Summer programs
  - Meals
  - Military youth partnership
  external_ids: {bgca_site: '3276', bgca_org: '11230'}
  sources:
  - bgca/find-a-club
  verified: {'on': '2026-07-21', method: api}
- id: nc/havelock/havelock-va-clinic
  name: Havelock VA Clinic
  categories:
  - va-facility
  - health
  description: Other Outpatient Services (OOS)
  address: {street: 506 US Highway 70 West, city: Havelock, state: nc, zip: '28532'}
  place: '3730120'
  geo: {lat: 34.90878, lng: -76.93592}
  phone: 919-286-0411
  website: https://www.va.gov/find-locations/facility/vha_558GK
  hours:
  - {days: [mon, tue, wed, thu, fri], open: '08:00', close: '16:30'}
  services:
  - MentalHealth
  external_ids: {va: vha_558GK}
  sources:
  - va/facilities-api
  verified: {'on': '2026-07-19', method: api}
- id: nc/havelock/ncm-harlowe-community-center
  name: Ncm Harlowe Community Center
  categories:
  - meal-program
  address: {street: 125 Godette School Rd, city: Havelock, state: nc, zip: '28532'}
  description: Free summer meals for kids and teens (2026 season) — sponsored by Craven County Schools.
  place: '3730120'
  geo: {lat: 34.87507, lng: -76.78296}
  phone: (252) 463-1531
  external_ids: {usda_master: Cycle 06_NC_SFSP_1426}
  sources:
  - usda/summer-meal-sites
  verified: {'on': '2026-07-19', method: api}
- id: nc/havelock/ncmh-havelock-high-school
  name: Ncmh Havelock High School
  categories:
  - meal-program
  address: {street: 101 Webb Blvd, city: Havelock, state: nc, zip: '28532'}
  description: Free summer meals for kids and teens (2026 season) — sponsored by Craven County Schools.
  place: '3730120'
  geo: {lat: 34.88054, lng: -76.89512}
  phone: (252) 463-1531
  external_ids: {usda_master: Cycle 06_NC_SFSP_1427}
  sources:
  - usda/summer-meal-sites
  verified: {'on': '2026-07-19', method: api}
- id: nc/havelock/religious-community-services
  name: Religious Community Services
  org: nc/food-bank-of-central-eastern-north-carolina
  categories:
  - food-pantry
  address: {street: 114 Trade Ave, city: Havelock, state: nc, zip: '28532'}
  place: '3730120'
  geo: {lat: 34.8864, lng: -76.91741}
  hours:
  - {days: [wed], open: '17:30', close: '19:30', note: 1st Wednesday}
  external_ids: {nc-food-bank-of-central-eastern-north-carolina: religious-community-services-28532}
  sources:
  - foodbank/nc-food-bank-of-central-eastern-north-carolina
  verified: {'on': '2026-07-21', method: scrape}
- id: nc/havelock/the-gathering-place
  name: The Gathering Place
  org: nc/food-bank-of-central-eastern-north-carolina
  categories:
  - meal-program
  address: {street: 114 Trader Ave, city: Havelock, state: nc, zip: '28532'}
  place: '3730120'
  geo: {lat: 34.88641, lng: -76.91741}
  phone: 252-515-1080
  hours:
  - {days: [thu], open: '11:30', close: '13:00'}
  external_ids: {nc-food-bank-of-central-eastern-north-carolina: the-gathering-place}
  sources:
  - foodbank/nc-food-bank-of-central-eastern-north-carolina
  verified: {'on': '2026-07-21', method: scrape}
