- id: ak/levelock/levelock-clinic
  name: Levelock Clinic
  categories:
  - community-health-center
  cost: sliding-scale
  address: {street: Salmon St, city: Levelock, state: ak, zip: '99625'}
  place: 0243810
  geo: {lat: 59.11134, lng: -156.86388}
  phone: 907-287-3011
  website: https://www.bbahc.org
  external_ids: {bphc: BPS-H80-037558}
  sources:
  - hrsa/health-center-sites
  verified: {'on': '2026-07-19', method: api}
- id: ak/levelock/levelock-village-clinic
  name: Levelock Village Clinic
  categories:
  - health
  description: Tribal village clinic
  address: {street: 49 Salmon Street, city: Levelock, state: ak, zip: '99625'}
  geo: {lat: 59.11313, lng: -156.85935}
  place: 0243810
  phone: 907-287-3011
  website: https://www.bbahc.org/
  services:
  - Limited Ambulatory Care
  - Acute
  - Chronic
  - Emergency
  - '& Preventative Care'
  external_ids: {asufac: '353460'}
  sources:
  - ihs/find-health-care
  verified: {'on': '2026-07-21', method: api}
