- id: ak/levelock/levelock-clinic
  name: Levelock Clinic
  categories:
  - community-health-center
  cost: sliding-scale
  address: {street: Salmon St, city: Levelock, state: ak, zip: '99625'}
  place: 0243810
  geo: {lat: 59.11134, lng: -156.86388}
  phone: 907-287-3011
  website: https://www.bbahc.org
  external_ids: {bphc: BPS-H80-037558}
  sources:
  - hrsa/health-center-sites
  verified: {'on': '2026-07-19', method: api}
