- id: md/hurlock/hurlock-head-start-center
  name: Hurlock Head Start Center
  categories:
  - community-health-center
  address:
    street: 6210 Shiloh Church Hurlock Rd
    city: Hurlock
    state: md
    zip: '21643'
  place: '2441125'
  geo:
    lat: 38.62016
    lng: -75.86031
  phone: 410-943-1036
  website: https://www.choptankhealth.org
  external_ids:
    bphc: BPS-H80-009202
  sources:
  - hrsa/health-center-sites
  verified:
    'on': '2026-07-19'
    method: api
