- id: md/hurlock/hurlock-head-start-center
  name: Hurlock Head Start Center
  categories:
  - community-health-center
  cost: sliding-scale
  address: {street: 6210 Shiloh Church Hurlock Rd, city: Hurlock, state: md, zip: '21643'}
  place: '2441125'
  geo: {lat: 38.62016, lng: -75.86031}
  phone: 410-943-1036
  website: https://www.choptankhealth.org
  external_ids: {bphc: BPS-H80-009202}
  sources:
  - hrsa/health-center-sites
  verified: {'on': '2026-07-19', method: api}
- id: md/hurlock/to-go-gold-rush-playground
  name: To Go Gold Rush Playground
  categories:
  - meal-program
  address:
    street: 128 Douglas Drvie
    city: Hurlock
    state: md
    zip: '21643'
  description: Free summer meals for kids and teens (2026 season) — sponsored by DORCHESTER CO BOARD OF
    ED.
  place: '2441125'
  geo:
    lat: 38.63467
    lng: -75.8511
  phone: (443) 477-2572
  external_ids:
    usda_master: Cycle 06_MD_SFSP_0153
  sources:
  - usda/summer-meal-sites
  verified:
    'on': '2026-07-19'
    method: api
- id: md/hurlock/to-go-gold-rush-playground-2
  name: To Go Gold Rush Playground
  categories:
  - meal-program
  address:
    street: 300 Douglass Drvie
    city: Hurlock
    state: md
    zip: '21643'
  description: Free summer meals for kids and teens (2026 season) — sponsored by DORCHESTER CO BOARD OF
    ED.
  place: '2441125'
  geo:
    lat: 38.6365
    lng: -75.84975
  phone: (443) 477-2572
  external_ids:
    usda_master: Cycle 11_MD_SFSP_0220
  sources:
  - usda/summer-meal-sites
  verified:
    'on': '2026-07-19'
    method: api
