- id: mn/hallock/cornerstone-food-pantry
  name: Cornerstone Food Pantry
  org: mn/north-country-food-bank-inc
  categories:
  - food-pantry
  address: {street: 321 S Birch (In Church), city: Hallock, state: mn, zip: '56728'}
  place: '2726576'
  sources:
  - foodbank/mn-north-country-food-bank-inc
  verified: {'on': '2026-07-21', method: scrape}
  geo: {lat: 48.77313, lng: -96.94358}
